<?xml version="1.0" encoding="utf-8"?>
<Project ToolsVersion="4.0" xmlns="http://schemas.microsoft.com/developer/msbuild/2003">
  <ItemGroup>
    <Filter Include="Source Files">
      <UniqueIdentifier>{4FC737F1-C7A5-4376-A066-2A32D752A2FF}</UniqueIdentifier>
      <Extensions>cpp;c;cc;cxx;def;odl;idl;hpj;bat;asm;asmx</Extensions>
    </Filter>
    <Filter Include="Header Files">
      <UniqueIdentifier>{93995380-89BD-4b04-88EB-625FBE52EBFB}</UniqueIdentifier>
      <Extensions>h;hh;hpp;hxx;hm;inl;inc;ipp;xsd</Extensions>
    </Filter>
    <Filter Include="Resource Files">
      <UniqueIdentifier>{67DA6AB6-F800-4c08-8B7A-83BB121AAD01}</UniqueIdentifier>
      <Extensions>rc;ico;cur;bmp;dlg;rc2;rct;bin;rgs;gif;jpg;jpeg;jpe;resx;tiff;tif;png;wav;mfcribbon-ms</Extensions>
    </Filter>
    <Filter Include="GRegister">
      <UniqueIdentifier>{c4ef400d-cb12-446b-b560-01cfe03bd401}</UniqueIdentifier>
    </Filter>
    <Filter Include="STB">
      <UniqueIdentifier>{d0b9dc1d-be55-4edc-8d36-3e3a941223b3}</UniqueIdentifier>
    </Filter>
  </ItemGroup>
  <ItemGroup>
    <ClCompile Include="srcs\main.cpp">
      <Filter>Source Files</Filter>
    </ClCompile>
    <ClCompile Include="srcs\FruitEngine.cpp">
      <Filter>Source Files</Filter>
    </ClCompile>
    <ClCompile Include="srcs\Window.cpp">
      <Filter>Source Files</Filter>
    </ClCompile>
    <ClCompile Include="srcs\SceneManager.cpp">
      <Filter>Source Files</Filter>
    </ClCompile>
    <ClCompile Include="srcs\FRegister.cpp">
      <Filter>Source Files</Filter>
    </ClCompile>
    <ClCompile Include="srcs\Scene.cpp">
      <Filter>Source Files</Filter>
    </ClCompile>
    <ClCompile Include="srcs\stb.cpp">
      <Filter>Source Files</Filter>
    </ClCompile>
  </ItemGroup>
  <ItemGroup>
    <ClInclude Include="srcs\IdManager.hpp">
      <Filter>GRegister</Filter>
    </ClInclude>
    <ClInclude Include="srcs\SparseSet.hpp">
      <Filter>GRegister</Filter>
    </ClInclude>
    <ClInclude Include="srcs\GRegister.hpp">
      <Filter>GRegister</Filter>
    </ClInclude>
    <ClInclude Include="srcs\FruitEngine.h">
      <Filter>Header Files</Filter>
    </ClInclude>
    <ClInclude Include="srcs\Scene.h">
      <Filter>Header Files</Filter>
    </ClInclude>
    <ClInclude Include="srcs\SceneManager.h">
      <Filter>Header Files</Filter>
    </ClInclude>
    <ClInclude Include="srcs\Behavior.h">
      <Filter>Header Files</Filter>
    </ClInclude>
    <ClInclude Include="srcs\GameObject.h">
      <Filter>Header Files</Filter>
    </ClInclude>
    <ClInclude Include="srcs\Transform.h">
      <Filter>Header Files</Filter>
    </ClInclude>
    <ClInclude Include="srcs\SpriteRenderer.h">
      <Filter>Header Files</Filter>
    </ClInclude>
    <ClInclude Include="srcs\Window.h">
      <Filter>Header Files</Filter>
    </ClInclude>
    <ClInclude Include="srcs\Input.h">
      <Filter>Header Files</Filter>
    </ClInclude>
    <ClInclude Include="srcs\FRegister.h">
      <Filter>Header Files</Filter>
    </ClInclude>
    <ClInclude Include="srcs\FPS.h">
      <Filter>Header Files</Filter>
    </ClInclude>
    <ClInclude Include="srcs\GameObjectUtility.h">
      <Filter>Header Files</Filter>
    </ClInclude>
    <ClInclude Include="srcs\stb_image.h">
      <Filter>STB</Filter>
    </ClInclude>
    <ClInclude Include="srcs\Texture.h">
      <Filter>Header Files</Filter>
    </ClInclude>
    <ClInclude Include="srcs\RessourceManager.h">
      <Filter>Header Files</Filter>
    </ClInclude>
    <ClInclude Include="srcs\Shader.h">
      <Filter>Header Files</Filter>
    </ClInclude>
  </ItemGroup>
</Project>